{
  "requires": true,
  "lockfileVersion": 1,
  "dependencies": {
    "bootstrap": {
      "version": "4.5.0",
      "resolved": "https://registry.npmjs.org/bootstrap/-/bootstrap-4.5.0.tgz",
      "integrity": "sha512-Z93QoXvodoVslA+PWNdk23Hze4RBYIkpb5h8I2HY2Tu2h7A0LpAgLcyrhrSUyo2/Oxm2l1fRZPs1e5hnxnliXA=="
    },
    "ent": {
      "version": "2.2.0",
      "resolved": "https://registry.npmjs.org/ent/-/ent-2.2.0.tgz",
      "integrity": "sha1-6WQhkyWiHQX0RGai9obtbOX13R0="
    },
    "lodash.clonedeep": {
      "version": "4.5.0",
      "resolved": "https://registry.npmjs.org/lodash.clonedeep/-/lodash.clonedeep-4.5.0.tgz",
      "integrity": "sha1-4j8/nE+Pvd6HJSnBBxhXoIblzO8="
    },
    "lodash.isplainobject": {
      "version": "4.0.6",
      "resolved": "https://registry.npmjs.org/lodash.isplainobject/-/lodash.isplainobject-4.0.6.tgz",
      "integrity": "sha1-fFJqUtibRcRcxpC4gWO+BJf1UMs="
    },
    "lodash.trim": {
      "version": "4.5.1",
      "resolved": "https://registry.npmjs.org/lodash.trim/-/lodash.trim-4.5.1.tgz",
      "integrity": "sha1-NkJefukL5KpeJ7zruFt9EepHqlc="
    },
    "lodash.without": {
      "version": "4.4.0",
      "resolved": "https://registry.npmjs.org/lodash.without/-/lodash.without-4.4.0.tgz",
      "integrity": "sha1-PNRXSgC2e643OpS3SHcmQFB7eqw="
    },
    "ranges-apply": {
      "version": "3.1.9",
      "resolved": "https://registry.npmjs.org/ranges-apply/-/ranges-apply-3.1.9.tgz",
      "integrity": "sha512-wz3E2gG0+h7hYLYA93DprZO+ihFddr7mxMemKKrsEBXpYQHGlZu8sXRh2ypNnluVcPnde+BI1sq+41u4DWd68Q==",
      "requires": {
        "ranges-merge": "^4.3.8"
      }
    },
    "ranges-merge": {
      "version": "4.3.8",
      "resolved": "https://registry.npmjs.org/ranges-merge/-/ranges-merge-4.3.8.tgz",
      "integrity": "sha512-6YjdL2lvv6mO2tjDTCoDbCowHawzGLEYXaMwDrs3bV2CWtXcTIVuDTtcYZO3EHR4AmUgN6wXuQsjOtV+PsOWQQ==",
      "requires": {
        "ranges-sort": "^3.12.0"
      }
    },
    "ranges-push": {
      "version": "3.7.14",
      "resolved": "https://registry.npmjs.org/ranges-push/-/ranges-push-3.7.14.tgz",
      "integrity": "sha512-vkzQVK/R3NFTJjzwz8yY0yvUcMgPu+NQyFOsCs7zkxxnvRLuumGugjWMmj+6i9BUkMPNHnw2UAFjOebjNfO7Rw==",
      "requires": {
        "ranges-merge": "^4.3.8",
        "string-collapse-leading-whitespace": "^2.0.20",
        "string-trim-spaces-only": "^2.8.17"
      }
    },
    "ranges-sort": {
      "version": "3.12.0",
      "resolved": "https://registry.npmjs.org/ranges-sort/-/ranges-sort-3.12.0.tgz",
      "integrity": "sha512-YCFqRd1Bxh5vKyItPtQDXMsbPSsDD33/pI9O7z2Dy2nyOyfGxT969KxMuVvr6/iDWB3hPOd8fhUE85Aw6dX7Cg=="
    },
    "string-collapse-leading-whitespace": {
      "version": "2.0.20",
      "resolved": "https://registry.npmjs.org/string-collapse-leading-whitespace/-/string-collapse-leading-whitespace-2.0.20.tgz",
      "integrity": "sha512-NsDj7efJ4QC0l9SjZYzC1HdS9UEyaMdM5NUjNlFwxxoi3T6Ns05RqZRUlFQ5bKDRQW6F8Ws9ZkuWLL03q5OLgg=="
    },
    "string-left-right": {
      "version": "2.3.24",
      "resolved": "https://registry.npmjs.org/string-left-right/-/string-left-right-2.3.24.tgz",
      "integrity": "sha512-aJLgeCb5ourwPp5q7N40C8C+WqOHpGY/1iiAYRKJRUylHu95aWRBM0aZZackaLqJhvj1hhHXk16If4WxE+zveA==",
      "requires": {
        "lodash.clonedeep": "^4.5.0",
        "lodash.isplainobject": "^4.0.6"
      }
    },
    "string-strip-html": {
      "version": "4.4.7",
      "resolved": "https://registry.npmjs.org/string-strip-html/-/string-strip-html-4.4.7.tgz",
      "integrity": "sha512-D/IlFV3JOpPHSB77Fw9hMYSsQRccMr2Xz8xMIbTzEHeEtZmqztCTVKTUcQz6m6Qd0IkbpCPcyt7JgaG63nUhdQ==",
      "requires": {
        "ent": "^2.2.0",
        "lodash.isplainobject": "^4.0.6",
        "lodash.trim": "^4.5.1",
        "lodash.without": "^4.4.0",
        "ranges-apply": "^3.1.9",
        "ranges-push": "^3.7.14",
        "string-left-right": "^2.3.24"
      }
    },
    "string-trim-spaces-only": {
      "version": "2.8.17",
      "resolved": "https://registry.npmjs.org/string-trim-spaces-only/-/string-trim-spaces-only-2.8.17.tgz",
      "integrity": "sha512-IAjwhcVS2AMD93GPGl8ONQmtDqcdmsvgHekVafQ/p389CGlp8VkCpOdUGsRW1OunzaVyzZzFesoKCju8fbA8Lw=="
    }
  }
}
